
Microsoft Visual Studio Solution File, Format Version 12.00
# Visual Studio Version 16
VisualStudioVersion = 16.0.30907.101
MinimumVisualStudioVersion = 10.0.40219.1
Project("{FAE04EC0-301F-11D3-BF4B-00C04F79EFBC}") = "WeatherApp", "WeatherApp\WeatherApp.csproj", "{2520B6F1-C216-43D0-B914-188D2F3E56A3}"
EndProject
Global
	GlobalSection(SolutionConfigurationPlatforms) = preSolution
		Debug|Any CPU = Debug|Any CPU
		Release|Any CPU = Release|Any CPU
	EndGlobalSection
	GlobalSection(ProjectConfigurationPlatforms) = postSolution
		{2520B6F1-C216-43D0-B914-188D2F3E56A3}.Debug|Any CPU.ActiveCfg = Debug|Any CPU
		{2520B6F1-C216-43D0-B914-188D2F3E56A3}.Debug|Any CPU.Build.0 = Debug|Any CPU
		{2520B6F1-C216-43D0-B914-188D2F3E56A3}.Release|Any CPU.ActiveCfg = Release|Any CPU
		{2520B6F1-C216-43D0-B914-188D2F3E56A3}.Release|Any CPU.Build.0 = Release|Any CPU
	EndGlobalSection
	GlobalSection(SolutionProperties) = preSolution
		HideSolutionNode = FALSE
	EndGlobalSection
	GlobalSection(ExtensibilityGlobals) = postSolution
		SolutionGuid = {104F7774-FCCE-4E3A-B378-84CE6738EE36}
	EndGlobalSection
EndGlobal
